// !$*UTF8*$!
{
	archiveVersion = 1;
	classes = {
	};
	objectVersion = 46;
	objects = {

/* Begin PBXBuildFile section */
		CED1CF7C1BBE907800164B5E /* main.m in Sources */ = {isa = PBXBuildFile; fileRef = CED1CF7B1BBE907800164B5E /* main.m */; };
		CED1CF7F1BBE907800164B5E /* AppDelegate.m in Sources */ = {isa = PBXBuildFile; fileRef = CED1CF7E1BBE907800164B5E /* AppDelegate.m */; };
		CED1CF821BBE907800164B5E /* ViewController.m in Sources */ = {isa = PBXBuildFile; fileRef = CED1CF811BBE907800164B5E /* ViewController.m */; };
		CED1CF851BBE907800164B5E /* Main.storyboard in Resources */ = {isa = PBXBuildFile; fileRef = CED1CF831BBE907800164B5E /* Main.storyboard */; };
		CED1CF871BBE907800164B5E /* Assets.xcassets in Resources */ = {isa = PBXBuildFile; fileRef = CED1CF861BBE907800164B5E /* Assets.xcassets */; };
		CED1CF8A1BBE907800164B5E /* LaunchScreen.storyboard in Resources */ = {isa = PBXBuildFile; fileRef = CED1CF881BBE907800164B5E /* LaunchScreen.storyboard */; };
		CED1CF931BBE90C100164B5E /* UIView+NL.m in Sources */ = {isa = PBXBuildFile; fileRef = CED1CF921BBE90C100164B5E /* UIView+NL.m */; settings = {ASSET_TAGS = (); }; };
/* End PBXBuildFile section */

/* Begin PBXFileReference section */
		CED1CF771BBE907800164B5E /* Demo.app */ = {isa = PBXFileReference; explicitFileType = wrapper.application; includeInIndex = 0; path = Demo.app; sourceTree = BUILT_PRODUCTS_DIR; };
		CED1CF7B1BBE907800164B5E /* main.m */ = {isa = PBXFileReference; lastKnownFileType = sourcecode.c.objc; path = main.m; sourceTree = "<group>"; };
		CED1CF7D1BBE907800164B5E /* AppDelegate.h */ = {isa = PBXFileReference; lastKnownFileType = sourcecode.c.h; path = AppDelegate.h; sourceTree = "<group>"; };
		CED1CF7E1BBE907800164B5E /* AppDelegate.m */ = {isa = PBXFileReference; lastKnownFileType = sourcecode.c.objc; path = AppDelegate.m; sourceTree = "<group>"; };
		CED1CF801BBE907800164B5E /* ViewController.h */ = {isa = PBXFileReference; lastKnownFileType = sourcecode.c.h; path = ViewController.h; sourceTree = "<group>"; };
		CED1CF811BBE907800164B5E /* ViewController.m */ = {isa = PBXFileReference; lastKnownFileType = sourcecode.c.objc; path = ViewController.m; sourceTree = "<group>"; };
		CED1CF841BBE907800164B5E /* Base */ = {isa = PBXFileReference; lastKnownFileType = file.storyboard; name = Base; path = Base.lproj/Main.storyboard; sourceTree = "<group>"; };
		CED1CF861BBE907800164B5E /* Assets.xcassets */ = {isa = PBXFileReference; lastKnownFileType = folder.assetcatalog; path = Assets.xcassets; sourceTree = "<group>"; };
		CED1CF891BBE907800164B5E /* Base */ = {isa = PBXFileReference; lastKnownFileType = file.storyboard; name = Base; path = Base.lproj/LaunchScreen.storyboard; sourceTree = "<group>"; };
		CED1CF8B1BBE907800164B5E /* Info.plist */ = {isa = PBXFileReference; lastKnownFileType = text.plist.xml; path = Info.plist; sourceTree = "<group>"; };
		CED1CF911BBE90C100164B5E /* UIView+NL.h */ = {isa = PBXFileReference; fileEncoding = 4; lastKnownFileType = sourcecode.c.h; path = "UIView+NL.h"; sourceTree = "<group>"; };
		CED1CF921BBE90C100164B5E /* UIView+NL.m */ = {isa = PBXFileReference; fileEncoding = 4; lastKnownFileType = sourcecode.c.objc; path = "UIView+NL.m"; sourceTree = "<group>"; };
/* End PBXFileReference section */

/* Begin PBXFrameworksBuildPhase section */
		CED1CF741BBE907800164B5E /* Frameworks */ = {
			isa = PBXFrameworksBuildPhase;
			buildActionMask = 2147483647;
			files = (
			);
			runOnlyForDeploymentPostprocessing = 0;
		};
/* End PBXFrameworksBuildPhase section */

/* Begin PBXGroup section */
		CED1CF6E1BBE907800164B5E = {
			isa = PBXGroup;
			children = (
				CED1CF791BBE907800164B5E /* Demo */,
				CED1CF781BBE907800164B5E /* Products */,
			);
			sourceTree = "<group>";
		};
		CED1CF781BBE907800164B5E /* Products */ = {
			isa = PBXGroup;
			children = (
				CED1CF771BBE907800164B5E /* Demo.app */,
			);
			name = Products;
			sourceTree = "<group>";
		};
		CED1CF791BBE907800164B5E /* Demo */ = {
			isa = PBXGroup;
			children = (
				CED1CF7D1BBE907800164B5E /* AppDelegate.h */,
				CED1CF7E1BBE907800164B5E /* AppDelegate.m */,
				CED1CF801BBE907800164B5E /* ViewController.h */,
				CED1CF811BBE907800164B5E /* ViewController.m */,
				CED1CF831BBE907800164B5E /* Main.storyboard */,
				CED1CF861BBE907800164B5E /* Assets.xcassets */,
				CED1CF881BBE907800164B5E /* LaunchScreen.storyboard */,
				CED1CF8B1BBE907800164B5E /* Info.plist */,
				CED1CF7A1BBE907800164B5E /* Supporting Files */,
				CED1CF911BBE90C100164B5E /* UIView+NL.h */,
				CED1CF921BBE90C100164B5E /* UIView+NL.m */,
			);
			path = Demo;
			sourceTree = "<group>";
		};
		CED1CF7A1BBE907800164B5E /* Supporting Files */ = {
			isa = PBXGroup;
			children = (
				CED1CF7B1BBE907800164B5E /* main.m */,
			);
			name = "Supporting Files";
			sourceTree = "<group>";
		};
/* End PBXGroup section */

/* Begin PBXNativeTarget section */
		CED1CF761BBE907800164B5E /* Demo */ = {
			isa = PBXNativeTarget;
			buildConfigurationList = CED1CF8E1BBE907800164B5E /* Build configuration list for PBXNativeTarget "Demo" */;
			buildPhases = (
				CED1CF731BBE907800164B5E /* Sources */,
				CED1CF741BBE907800164B5E /* Frameworks */,
				CED1CF751BBE907800164B5E /* Resources */,
			);
			buildRules = (
			);
			dependencies = (
			);
			name = Demo;
			productName = Demo;
			productReference = CED1CF771BBE907800164B5E /* Demo.app */;
			productType = "com.apple.product-type.application";
		};
/* End PBXNativeTarget section */

/* Begin PBXProject section */
		CED1CF6F1BBE907800164B5E /* Project object */ = {
			isa = PBXProject;
			attributes = {
				LastUpgradeCheck = 0700;
				ORGANIZATIONNAME = nero;
				TargetAttributes = {
					CED1CF761BBE907800164B5E = {
						CreatedOnToolsVersion = 7.0.1;
					};
				};
			};
			buildConfigurationList = CED1CF721BBE907800164B5E /* Build configuration list for PBXProject "Demo" */;
			compatibilityVersion = "Xcode 3.2";
			developmentRegion = English;
			hasScannedForEncodings = 0;
			knownRegions = (
				en,
				Base,
			);
			mainGroup = CED1CF6E1BBE907800164B5E;
			productRefGroup = CED1CF781BBE907800164B5E /* Products */;
			projectDirPath = "";
			projectRoot = "";
			targets = (
				CED1CF761BBE907800164B5E /* Demo */,
			);
		};
/* End PBXProject section */

/* Begin PBXResourcesBuildPhase section */
		CED1CF751BBE907800164B5E /* Resources */ = {
			isa = PBXResourcesBuildPhase;
			buildActionMask = 2147483647;
			files = (
				CED1CF8A1BBE907800164B5E /* LaunchScreen.storyboard in Resources */,
				CED1CF871BBE907800164B5E /* Assets.xcassets in Resources */,
				CED1CF851BBE907800164B5E /* Main.storyboard in Resources */,
			);
			runOnlyForDeploymentPostprocessing = 0;
		};
/* End PBXResourcesBuildPhase section */

/* Begin PBXSourcesBuildPhase section */
		CED1CF731BBE907800164B5E /* Sources */ = {
			isa = PBXSourcesBuildPhase;
			buildActionMask = 2147483647;
			files = (
				CED1CF931BBE90C100164B5E /* UIView+NL.m in Sources */,
				CED1CF821BBE907800164B5E /* ViewController.m in Sources */,
				CED1CF7F1BBE907800164B5E /* AppDelegate.m in Sources */,
				CED1CF7C1BBE907800164B5E /* main.m in Sources */,
			);
			runOnlyForDeploymentPostprocessing = 0;
		};
/* End PBXSourcesBuildPhase section */

/* Begin PBXVariantGroup section */
		CED1CF831BBE907800164B5E /* Main.storyboard */ = {
			isa = PBXVariantGroup;
			children = (
				CED1CF841BBE907800164B5E /* Base */,
			);
			name = Main.storyboard;
			sourceTree = "<group>";
		};
		CED1CF881BBE907800164B5E /* LaunchScreen.storyboard */ = {
			isa = PBXVariantGroup;
			children = (
				CED1CF891BBE907800164B5E /* Base */,
			);
			name = LaunchScreen.storyboard;
			sourceTree = "<group>";
		};
/* End PBXVariantGroup section */

/* Begin XCBuildConfiguration section */
		CED1CF8C1BBE907800164B5E /* Debug */ = {
			isa = XCBuildConfiguration;
			buildSettings = {
				ALWAYS_SEARCH_USER_PATHS = NO;
				CLANG_CXX_LANGUAGE_STANDARD = "gnu++0x";
				CLANG_CXX_LIBRARY = "libc++";
				CLANG_ENABLE_MODULES = YES;
				CLANG_ENABLE_OBJC_ARC = YES;
				CLANG_WARN_BOOL_CONVERSION = YES;
				CLANG_WARN_CONSTANT_CONVERSION = YES;
				CLANG_WARN_DIRECT_OBJC_ISA_USAGE = YES_ERROR;
				CLANG_WARN_EMPTY_BODY = YES;
				CLANG_WARN_ENUM_CONVERSION = YES;
				CLANG_WARN_INT_CONVERSION = YES;
				CLANG_WARN_OBJC_ROOT_CLASS = YES_ERROR;
				CLANG_WARN_UNREACHABLE_CODE = YES;
				CLANG_WARN__DUPLICATE_METHOD_MATCH = YES;
				"CODE_SIGN_IDENTITY[sdk=iphoneos*]" = "iPhone Developer";
				COPY_PHASE_STRIP = NO;
				DEBUG_INFORMATION_FORMAT = dwarf;
				ENABLE_STRICT_OBJC_MSGSEND = YES;
				ENABLE_TESTABILITY = YES;
				GCC_C_LANGUAGE_STANDARD = gnu99;
				GCC_DYNAMIC_NO_PIC = NO;
				GCC_NO_COMMON_BLOCKS = YES;
				GCC_OPTIMIZATION_LEVEL = 0;
				GCC_PREPROCESSOR_DEFINITIONS = (
					"DEBUG=1",
					"$(inherited)",
				);
				GCC_WARN_64_TO_32_BIT_CONVERSION = YES;
				GCC_WARN_ABOUT_RETURN_TYPE = YES_ERROR;
				GCC_WARN_UNDECLARED_SELECTOR = YES;
				GCC_WARN_UNINITIALIZED_AUTOS = YES_AGGRESSIVE;
				GCC_WARN_UNUSED_FUNCTION = YES;
				GCC_WARN_UNUSED_VARIABLE = YES;
				IPHONEOS_DEPLOYMENT_TARGET = 9.0;
				MTL_ENABLE_DEBUG_INFO = YES;
				ONLY_ACTIVE_ARCH = YES;
				SDKROOT = iphoneos;
			};
			name = Debug;
		};
		CED1CF8D1BBE907800164B5E /* Release */ = {
			isa = XCBuildConfiguration;
			buildSettings = {
				ALWAYS_SEARCH_USER_PATHS = NO;
				CLANG_CXX_LANGUAGE_STANDARD = "gnu++0x";
				CLANG_CXX_LIBRARY = "libc++";
				CLANG_ENABLE_MODULES = YES;
				CLANG_ENABLE_OBJC_ARC = YES;
				CLANG_WARN_BOOL_CONVERSION = YES;
				CLANG_WARN_CONSTANT_CONVERSION = YES;
				CLANG_WARN_DIRECT_OBJC_ISA_USAGE = YES_ERROR;
				CLANG_WARN_EMPTY_BODY = YES;
				CLANG_WARN_ENUM_CONVERSION = YES;
				CLANG_WARN_INT_CONVERSION = YES;
				CLANG_WARN_OBJC_ROOT_CLASS = YES_ERROR;
				CLANG_WARN_UNREACHABLE_CODE = YES;
				CLANG_WARN__DUPLICATE_METHOD_MATCH = YES;
				"CODE_SIGN_IDENTITY[sdk=iphoneos*]" = "iPhone Developer";
				COPY_PHASE_STRIP = NO;
				DEBUG_INFORMATION_FORMAT = "dwarf-with-dsym";
				ENABLE_NS_ASSERTIONS = NO;
				ENABLE_STRICT_OBJC_MSGSEND = YES;
				GCC_C_LANGUAGE_STANDARD = gnu99;
				GCC_NO_COMMON_BLOCKS = YES;
				GCC_WARN_64_TO_32_BIT_CONVERSION = YES;
				GCC_WARN_ABOUT_RETURN_TYPE = YES_ERROR;
				GCC_WARN_UNDECLARED_SELECTOR = YES;
				GCC_WARN_UNINITIALIZED_AUTOS = YES_AGGRESSIVE;
				GCC_WARN_UNUSED_FUNCTION = YES;
				GCC_WARN_UNUSED_VARIABLE = YES;
				IPHONEOS_DEPLOYMENT_TARGET = 9.0;
				MTL_ENABLE_DEBUG_INFO = NO;
				SDKROOT = iphoneos;
				VALIDATE_PRODUCT = YES;
			};
			name = Release;
		};
		CED1CF8F1BBE907800164B5E /* Debug */ = {
			isa = XCBuildConfiguration;
			buildSettings = {
				ASSETCATALOG_COMPILER_APPICON_NAME = AppIcon;
				INFOPLIST_FILE = Demo/Info.plist;
				LD_RUNPATH_SEARCH_PATHS = "$(inherited) @executable_path/Frameworks";
				PRODUCT_BUNDLE_IDENTIFIER = com.nero.Demo;
				PRODUCT_NAME = "$(TARGET_NAME)";
			};
			name = Debug;
		};
		CED1CF901BBE907800164B5E /* Release */ = {
			isa = XCBuildConfiguration;
			buildSettings = {
				ASSETCATALOG_COMPILER_APPICON_NAME = AppIcon;
				INFOPLIST_FILE = Demo/Info.plist;
				LD_RUNPATH_SEARCH_PATHS = "$(inherited) @executable_path/Frameworks";
				PRODUCT_BUNDLE_IDENTIFIER = com.nero.Demo;
				PRODUCT_NAME = "$(TARGET_NAME)";
			};
			name = Release;
		};
/* End XCBuildConfiguration section */

/* Begin XCConfigurationList section */
		CED1CF721BBE907800164B5E /* Build configuration list for PBXProject "Demo" */ = {
			isa = XCConfigurationList;
			buildConfigurations = (
				CED1CF8C1BBE907800164B5E /* Debug */,
				CED1CF8D1BBE907800164B5E /* Release */,
			);
			defaultConfigurationIsVisible = 0;
			defaultConfigurationName = Release;
		};
		CED1CF8E1BBE907800164B5E /* Build configuration list for PBXNativeTarget "Demo" */ = {
			isa = XCConfigurationList;
			buildConfigurations = (
				CED1CF8F1BBE907800164B5E /* Debug */,
				CED1CF901BBE907800164B5E /* Release */,
			);
			defaultConfigurationIsVisible = 0;
		};
/* End XCConfigurationList section */
	};
	rootObject = CED1CF6F1BBE907800164B5E /* Project object */;
}
